
Microsoft Visual Studio Solution File, Format Version 12.00
# Visual Studio 2013
VisualStudioVersion = 12.0.31101.0
MinimumVisualStudioVersion = 10.0.40219.1
Project("{FAE04EC0-301F-11D3-BF4B-00C04F79EFBC}") = "Neyro.Vk", "Neyro.Api.Vk\Neyro.Vk.csproj", "{8E3A29A3-27F7-4BF1-A56B-0185C23BBD56}"
EndProject
Global
	GlobalSection(SolutionConfigurationPlatforms) = preSolution
		Debug|Any CPU = Debug|Any CPU
		Debug|ARM = Debug|ARM
		Debug|x64 = Debug|x64
		Debug|x86 = Debug|x86
		Release|Any CPU = Release|Any CPU
		Release|ARM = Release|ARM
		Release|x64 = Release|x64
		Release|x86 = Release|x86
	EndGlobalSection
	GlobalSection(ProjectConfigurationPlatforms) = postSolution
		{8E3A29A3-27F7-4BF1-A56B-0185C23BBD56}.Debug|Any CPU.ActiveCfg = Debug|Any CPU
		{8E3A29A3-27F7-4BF1-A56B-0185C23BBD56}.Debug|Any CPU.Build.0 = Debug|Any CPU
		{8E3A29A3-27F7-4BF1-A56B-0185C23BBD56}.Debug|ARM.ActiveCfg = Debug|Any CPU
		{8E3A29A3-27F7-4BF1-A56B-0185C23BBD56}.Debug|x64.ActiveCfg = Debug|Any CPU
		{8E3A29A3-27F7-4BF1-A56B-0185C23BBD56}.Debug|x86.ActiveCfg = Debug|Any CPU
		{8E3A29A3-27F7-4BF1-A56B-0185C23BBD56}.Release|Any CPU.ActiveCfg = Release|Any CPU
		{8E3A29A3-27F7-4BF1-A56B-0185C23BBD56}.Release|Any CPU.Build.0 = Release|Any CPU
		{8E3A29A3-27F7-4BF1-A56B-0185C23BBD56}.Release|ARM.ActiveCfg = Release|Any CPU
		{8E3A29A3-27F7-4BF1-A56B-0185C23BBD56}.Release|x64.ActiveCfg = Release|Any CPU
		{8E3A29A3-27F7-4BF1-A56B-0185C23BBD56}.Release|x86.ActiveCfg = Release|Any CPU
	EndGlobalSection
	GlobalSection(SolutionProperties) = preSolution
		HideSolutionNode = FALSE
	EndGlobalSection
EndGlobal
